
Microsoft Visual Studio Solution File, Format Version 12.00
# Visual Studio Version 17
VisualStudioVersion = 17.13.35919.96 d17.13
MinimumVisualStudioVersion = 10.0.40219.1
Project("{FAE04EC0-301F-11D3-BF4B-00C04F79EFBC}") = "Supvan.T50M", "Supvan.T50M\Supvan.T50M.csproj", "{05887A82-4097-4CE9-AD1A-D7B3A6169099}"
EndProject
Global
	GlobalSection(SolutionConfigurationPlatforms) = preSolution
		Debug|Any CPU = Debug|Any CPU
		Release|Any CPU = Release|Any CPU
	EndGlobalSection
	GlobalSection(ProjectConfigurationPlatforms) = postSolution
		{05887A82-4097-4CE9-AD1A-D7B3A6169099}.Debug|Any CPU.ActiveCfg = Debug|Any CPU
		{05887A82-4097-4CE9-AD1A-D7B3A6169099}.Debug|Any CPU.Build.0 = Debug|Any CPU
		{05887A82-4097-4CE9-AD1A-D7B3A6169099}.Debug|Any CPU.Deploy.0 = Debug|Any CPU
		{05887A82-4097-4CE9-AD1A-D7B3A6169099}.Release|Any CPU.ActiveCfg = Release|Any CPU
		{05887A82-4097-4CE9-AD1A-D7B3A6169099}.Release|Any CPU.Build.0 = Release|Any CPU
		{05887A82-4097-4CE9-AD1A-D7B3A6169099}.Release|Any CPU.Deploy.0 = Release|Any CPU
	EndGlobalSection
	GlobalSection(SolutionProperties) = preSolution
		HideSolutionNode = FALSE
	EndGlobalSection
	GlobalSection(ExtensibilityGlobals) = postSolution
		SolutionGuid = {92184CAC-713D-4D66-8C62-9BCDF82448D6}
	EndGlobalSection
EndGlobal
